lockfileVersion: '6.0'

settings:
  autoInstallPeers: true
  excludeLinksFromLockfile: false

dependencies:
  example-wasm:
    specifier: file:../pkg
    version: file:../pkg

devDependencies:
  '@types/node':
    specifier: ^20.8.10
    version: 20.8.10
  typescript:
    specifier: ^5.2.2
    version: 5.2.2

packages:

  /@types/node@20.8.10:
    resolution: {integrity: sha512-TlgT8JntpcbmKUFzjhsyhGfP2fsiz1Mv56im6enJ905xG1DAYesxJaeSbGqQmAw8OWPdhyJGhGSQGKRNJ45u9w==}
    dependencies:
      undici-types: 5.26.5
    dev: true

  /typescript@5.2.2:
    resolution: {integrity: sha512-mI4WrpHsbCIcwT9cF4FZvr80QUeKvsUsUvKDoR+X/7XHQH98xYD8YHZg7ANtz2GtZt/CBq2QJ0thkGJMHfqc1w==}
    engines: {node: '>=14.17'}
    hasBin: true
    dev: true

  /undici-types@5.26.5:
    resolution: {integrity: sha512-JlCMO+ehdEIKqlFxk6IfVoAUVmgz7cU7zD/h9XZ0qzeosSHmUJVOzSQvvYSYWXkFXC+IfLKSIffhv0sVZup6pA==}
    dev: true

  file:../pkg:
    resolution: {directory: ../pkg, type: directory}
    name: example-wasm
    dev: false
